
Microsoft Visual Studio Solution File, Format Version 12.00
# Visual Studio Version 16
VisualStudioVersion = 16.0.31005.135
MinimumVisualStudioVersion = 10.0.40219.1
Project("{FAE04EC0-301F-11D3-BF4B-00C04F79EFBC}") = "MaquetaTienda", "MaquetaTienda\MaquetaTienda.csproj", "{913AF05A-EB16-4A71-846A-C6E03FD139D1}"
EndProject
Global
	GlobalSection(SolutionConfigurationPlatforms) = preSolution
		Debug|Any CPU = Debug|Any CPU
		Release|Any CPU = Release|Any CPU
	EndGlobalSection
	GlobalSection(ProjectConfigurationPlatforms) = postSolution
		{913AF05A-EB16-4A71-846A-C6E03FD139D1}.Debug|Any CPU.ActiveCfg = Debug|Any CPU
		{913AF05A-EB16-4A71-846A-C6E03FD139D1}.Debug|Any CPU.Build.0 = Debug|Any CPU
		{913AF05A-EB16-4A71-846A-C6E03FD139D1}.Release|Any CPU.ActiveCfg = Release|Any CPU
		{913AF05A-EB16-4A71-846A-C6E03FD139D1}.Release|Any CPU.Build.0 = Release|Any CPU
	EndGlobalSection
	GlobalSection(SolutionProperties) = preSolution
		HideSolutionNode = FALSE
	EndGlobalSection
	GlobalSection(ExtensibilityGlobals) = postSolution
		SolutionGuid = {A95AC23A-D2EA-4A52-92AE-E866DA65560D}
	EndGlobalSection
EndGlobal
